// !$*UTF8*$!
{
	archiveVersion = 1;
	classes = {
	};
	objectVersion = 46;
	objects = {

/* Begin PBXBuildFile section */
		F44736711A9F3BC30067CE68 /* AppDelegate.swift in Sources */ = {isa = PBXBuildFile; fileRef = F44736701A9F3BC30067CE68 /* AppDelegate.swift */; };
		F44736731A9F3BC30067CE68 /* CalculatorViewController.swift in Sources */ = {isa = PBXBuildFile; fileRef = F44736721A9F3BC30067CE68 /* CalculatorViewController.swift */; };
		F44736761A9F3BC30067CE68 /* Main.storyboard in Resources */ = {isa = PBXBuildFile; fileRef = F44736741A9F3BC30067CE68 /* Main.storyboard */; };
		F44736781A9F3BC30067CE68 /* Images.xcassets in Resources */ = {isa = PBXBuildFile; fileRef = F44736771A9F3BC30067CE68 /* Images.xcassets */; };
		F447367B1A9F3BC30067CE68 /* LaunchScreen.xib in Resources */ = {isa = PBXBuildFile; fileRef = F44736791A9F3BC30067CE68 /* LaunchScreen.xib */; };
		F44736871A9F3BC30067CE68 /* assignment_2_IOSTests.swift in Sources */ = {isa = PBXBuildFile; fileRef = F44736861A9F3BC30067CE68 /* assignment_2_IOSTests.swift */; };
		F44736911A9F3D3C0067CE68 /* CalcBrain.swift in Sources */ = {isa = PBXBuildFile; fileRef = F44736901A9F3D3C0067CE68 /* CalcBrain.swift */; };
		F4F3F5401E890754007947B3 /* GraphBoard.storyboard in Resources */ = {isa = PBXBuildFile; fileRef = F4F3F53F1E890754007947B3 /* GraphBoard.storyboard */; };
		F4F3F5421E890776007947B3 /* GraphViewController.swift in Sources */ = {isa = PBXBuildFile; fileRef = F4F3F5411E890776007947B3 /* GraphViewController.swift */; };
/* End PBXBuildFile section */

/* Begin PBXContainerItemProxy section */
		F44736811A9F3BC30067CE68 /* PBXContainerItemProxy */ = {
			isa = PBXContainerItemProxy;
			containerPortal = F44736631A9F3BC20067CE68 /* Project object */;
			proxyType = 1;
			remoteGlobalIDString = F447366A1A9F3BC30067CE68;
			remoteInfo = assignment_2_IOS;
		};
/* End PBXContainerItemProxy section */

/* Begin PBXFileReference section */
		F447366B1A9F3BC30067CE68 /* assignment_2_IOS.app */ = {isa = PBXFileReference; explicitFileType = wrapper.application; includeInIndex = 0; path = assignment_2_IOS.app; sourceTree = BUILT_PRODUCTS_DIR; };
		F447366F1A9F3BC30067CE68 /* Info.plist */ = {isa = PBXFileReference; lastKnownFileType = text.plist.xml; path = Info.plist; sourceTree = "<group>"; };
		F44736701A9F3BC30067CE68 /* AppDelegate.swift */ = {isa = PBXFileReference; lastKnownFileType = sourcecode.swift; path = AppDelegate.swift; sourceTree = "<group>"; };
		F44736721A9F3BC30067CE68 /* CalculatorViewController.swift */ = {isa = PBXFileReference; lastKnownFileType = sourcecode.swift; path = CalculatorViewController.swift; sourceTree = "<group>"; };
		F44736751A9F3BC30067CE68 /* Base */ = {isa = PBXFileReference; lastKnownFileType = file.storyboard; name = Base; path = Base.lproj/Main.storyboard; sourceTree = "<group>"; };
		F44736771A9F3BC30067CE68 /* Images.xcassets */ = {isa = PBXFileReference; lastKnownFileType = folder.assetcatalog; path = Images.xcassets; sourceTree = "<group>"; };
		F447367A1A9F3BC30067CE68 /* Base */ = {isa = PBXFileReference; lastKnownFileType = file.xib; name = Base; path = Base.lproj/LaunchScreen.xib; sourceTree = "<group>"; };
		F44736801A9F3BC30067CE68 /* assignment_2_IOSTests.xctest */ = {isa = PBXFileReference; explicitFileType = wrapper.cfbundle; includeInIndex = 0; path = assignment_2_IOSTests.xctest; sourceTree = BUILT_PRODUCTS_DIR; };
		F44736851A9F3BC30067CE68 /* Info.plist */ = {isa = PBXFileReference; lastKnownFileType = text.plist.xml; path = Info.plist; sourceTree = "<group>"; };
		F44736861A9F3BC30067CE68 /* assignment_2_IOSTests.swift */ = {isa = PBXFileReference; lastKnownFileType = sourcecode.swift; path = assignment_2_IOSTests.swift; sourceTree = "<group>"; };
		F44736901A9F3D3C0067CE68 /* CalcBrain.swift */ = {isa = PBXFileReference; fileEncoding = 4; lastKnownFileType = sourcecode.swift; path = CalcBrain.swift; sourceTree = "<group>"; };
		F4F3F53F1E890754007947B3 /* GraphBoard.storyboard */ = {isa = PBXFileReference; fileEncoding = 4; lastKnownFileType = file.storyboard; path = GraphBoard.storyboard; sourceTree = "<group>"; };
		F4F3F5411E890776007947B3 /* GraphViewController.swift */ = {isa = PBXFileReference; fileEncoding = 4; lastKnownFileType = sourcecode.swift; path = GraphViewController.swift; sourceTree = "<group>"; };
/* End PBXFileReference section */

/* Begin PBXFrameworksBuildPhase section */
		F44736681A9F3BC30067CE68 /* Frameworks */ = {
			isa = PBXFrameworksBuildPhase;
			buildActionMask = 2147483647;
			files = (
			);
			runOnlyForDeploymentPostprocessing = 0;
		};
		F447367D1A9F3BC30067CE68 /* Frameworks */ = {
			isa = PBXFrameworksBuildPhase;
			buildActionMask = 2147483647;
			files = (
			);
			runOnlyForDeploymentPostprocessing = 0;
		};
/* End PBXFrameworksBuildPhase section */

/* Begin PBXGroup section */
		F44736621A9F3BC20067CE68 = {
			isa = PBXGroup;
			children = (
				F447366D1A9F3BC30067CE68 /* assignment_2_IOS */,
				F44736831A9F3BC30067CE68 /* assignment_2_IOSTests */,
				F447366C1A9F3BC30067CE68 /* Products */,
			);
			sourceTree = "<group>";
		};
		F447366C1A9F3BC30067CE68 /* Products */ = {
			isa = PBXGroup;
			children = (
				F447366B1A9F3BC30067CE68 /* assignment_2_IOS.app */,
				F44736801A9F3BC30067CE68 /* assignment_2_IOSTests.xctest */,
			);
			name = Products;
			sourceTree = "<group>";
		};
		F447366D1A9F3BC30067CE68 /* assignment_2_IOS */ = {
			isa = PBXGroup;
			children = (
				F44736701A9F3BC30067CE68 /* AppDelegate.swift */,
				F44736901A9F3D3C0067CE68 /* CalcBrain.swift */,
				F44736721A9F3BC30067CE68 /* CalculatorViewController.swift */,
				F44736771A9F3BC30067CE68 /* Images.xcassets */,
				F44736791A9F3BC30067CE68 /* LaunchScreen.xib */,
				F447366E1A9F3BC30067CE68 /* Supporting Files */,
				F4F3F5411E890776007947B3 /* GraphViewController.swift */,
			);
			path = assignment_2_IOS;
			sourceTree = "<group>";
		};
		F447366E1A9F3BC30067CE68 /* Supporting Files */ = {
			isa = PBXGroup;
			children = (
				F44736741A9F3BC30067CE68 /* Main.storyboard */,
				F4F3F53F1E890754007947B3 /* GraphBoard.storyboard */,
				F447366F1A9F3BC30067CE68 /* Info.plist */,
			);
			name = "Supporting Files";
			sourceTree = "<group>";
		};
		F44736831A9F3BC30067CE68 /* assignment_2_IOSTests */ = {
			isa = PBXGroup;
			children = (
				F44736861A9F3BC30067CE68 /* assignment_2_IOSTests.swift */,
				F44736841A9F3BC30067CE68 /* Supporting Files */,
			);
			path = assignment_2_IOSTests;
			sourceTree = "<group>";
		};
		F44736841A9F3BC30067CE68 /* Supporting Files */ = {
			isa = PBXGroup;
			children = (
				F44736851A9F3BC30067CE68 /* Info.plist */,
			);
			name = "Supporting Files";
			sourceTree = "<group>";
		};
/* End PBXGroup section */

/* Begin PBXNativeTarget section */
		F447366A1A9F3BC30067CE68 /* assignment_2_IOS */ = {
			isa = PBXNativeTarget;
			buildConfigurationList = F447368A1A9F3BC30067CE68 /* Build configuration list for PBXNativeTarget "assignment_2_IOS" */;
			buildPhases = (
				F44736671A9F3BC30067CE68 /* Sources */,
				F44736681A9F3BC30067CE68 /* Frameworks */,
				F44736691A9F3BC30067CE68 /* Resources */,
			);
			buildRules = (
			);
			dependencies = (
			);
			name = assignment_2_IOS;
			productName = assignment_2_IOS;
			productReference = F447366B1A9F3BC30067CE68 /* assignment_2_IOS.app */;
			productType = "com.apple.product-type.application";
		};
		F447367F1A9F3BC30067CE68 /* assignment_2_IOSTests */ = {
			isa = PBXNativeTarget;
			buildConfigurationList = F447368D1A9F3BC30067CE68 /* Build configuration list for PBXNativeTarget "assignment_2_IOSTests" */;
			buildPhases = (
				F447367C1A9F3BC30067CE68 /* Sources */,
				F447367D1A9F3BC30067CE68 /* Frameworks */,
				F447367E1A9F3BC30067CE68 /* Resources */,
			);
			buildRules = (
			);
			dependencies = (
				F44736821A9F3BC30067CE68 /* PBXTargetDependency */,
			);
			name = assignment_2_IOSTests;
			productName = assignment_2_IOSTests;
			productReference = F44736801A9F3BC30067CE68 /* assignment_2_IOSTests.xctest */;
			productType = "com.apple.product-type.bundle.unit-test";
		};
/* End PBXNativeTarget section */

/* Begin PBXProject section */
		F44736631A9F3BC20067CE68 /* Project object */ = {
			isa = PBXProject;
			attributes = {
				LastSwiftMigration = 0720;
				LastSwiftUpdateCheck = 0720;
				LastUpgradeCheck = 0610;
				ORGANIZATIONNAME = nl.han.ica.mad;
				TargetAttributes = {
					F447366A1A9F3BC30067CE68 = {
						CreatedOnToolsVersion = 6.1.1;
					};
					F447367F1A9F3BC30067CE68 = {
						CreatedOnToolsVersion = 6.1.1;
						TestTargetID = F447366A1A9F3BC30067CE68;
					};
				};
			};
			buildConfigurationList = F44736661A9F3BC20067CE68 /* Build configuration list for PBXProject "assignment_2_IOS" */;
			compatibilityVersion = "Xcode 3.2";
			developmentRegion = English;
			hasScannedForEncodings = 0;
			knownRegions = (
				en,
				Base,
			);
			mainGroup = F44736621A9F3BC20067CE68;
			productRefGroup = F447366C1A9F3BC30067CE68 /* Products */;
			projectDirPath = "";
			projectRoot = "";
			targets = (
				F447366A1A9F3BC30067CE68 /* assignment_2_IOS */,
				F447367F1A9F3BC30067CE68 /* assignment_2_IOSTests */,
			);
		};
/* End PBXProject section */

/* Begin PBXResourcesBuildPhase section */
		F44736691A9F3BC30067CE68 /* Resources */ = {
			isa = PBXResourcesBuildPhase;
			buildActionMask = 2147483647;
			files = (
				F44736761A9F3BC30067CE68 /* Main.storyboard in Resources */,
				F447367B1A9F3BC30067CE68 /* LaunchScreen.xib in Resources */,
				F4F3F5401E890754007947B3 /* GraphBoard.storyboard in Resources */,
				F44736781A9F3BC30067CE68 /* Images.xcassets in Resources */,
			);
			runOnlyForDeploymentPostprocessing = 0;
		};
		F447367E1A9F3BC30067CE68 /* Resources */ = {
			isa = PBXResourcesBuildPhase;
			buildActionMask = 2147483647;
			files = (
			);
			runOnlyForDeploymentPostprocessing = 0;
		};
/* End PBXResourcesBuildPhase section */

/* Begin PBXSourcesBuildPhase section */
		F44736671A9F3BC30067CE68 /* Sources */ = {
			isa = PBXSourcesBuildPhase;
			buildActionMask = 2147483647;
			files = (
				F44736731A9F3BC30067CE68 /* CalculatorViewController.swift in Sources */,
				F4F3F5421E890776007947B3 /* GraphViewController.swift in Sources */,
				F44736711A9F3BC30067CE68 /* AppDelegate.swift in Sources */,
				F44736911A9F3D3C0067CE68 /* CalcBrain.swift in Sources */,
			);
			runOnlyForDeploymentPostprocessing = 0;
		};
		F447367C1A9F3BC30067CE68 /* Sources */ = {
			isa = PBXSourcesBuildPhase;
			buildActionMask = 2147483647;
			files = (
				F44736871A9F3BC30067CE68 /* assignment_2_IOSTests.swift in Sources */,
			);
			runOnlyForDeploymentPostprocessing = 0;
		};
/* End PBXSourcesBuildPhase section */

/* Begin PBXTargetDependency section */
		F44736821A9F3BC30067CE68 /* PBXTargetDependency */ = {
			isa = PBXTargetDependency;
			target = F447366A1A9F3BC30067CE68 /* assignment_2_IOS */;
			targetProxy = F44736811A9F3BC30067CE68 /* PBXContainerItemProxy */;
		};
/* End PBXTargetDependency section */

/* Begin PBXVariantGroup section */
		F44736741A9F3BC30067CE68 /* Main.storyboard */ = {
			isa = PBXVariantGroup;
			children = (
				F44736751A9F3BC30067CE68 /* Base */,
			);
			name = Main.storyboard;
			sourceTree = "<group>";
		};
		F44736791A9F3BC30067CE68 /* LaunchScreen.xib */ = {
			isa = PBXVariantGroup;
			children = (
				F447367A1A9F3BC30067CE68 /* Base */,
			);
			name = LaunchScreen.xib;
			sourceTree = "<group>";
		};
/* End PBXVariantGroup section */

/* Begin XCBuildConfiguration section */
		F44736881A9F3BC30067CE68 /* Debug */ = {
			isa = XCBuildConfiguration;
			buildSettings = {
				ALWAYS_SEARCH_USER_PATHS = NO;
				CLANG_CXX_LANGUAGE_STANDARD = "gnu++0x";
				CLANG_CXX_LIBRARY = "libc++";
				CLANG_ENABLE_MODULES = YES;
				CLANG_ENABLE_OBJC_ARC = YES;
				CLANG_WARN_BOOL_CONVERSION = YES;
				CLANG_WARN_CONSTANT_CONVERSION = YES;
				CLANG_WARN_DIRECT_OBJC_ISA_USAGE = YES_ERROR;
				CLANG_WARN_EMPTY_BODY = YES;
				CLANG_WARN_ENUM_CONVERSION = YES;
				CLANG_WARN_INT_CONVERSION = YES;
				CLANG_WARN_OBJC_ROOT_CLASS = YES_ERROR;
				CLANG_WARN_UNREACHABLE_CODE = YES;
				CLANG_WARN__DUPLICATE_METHOD_MATCH = YES;
				"CODE_SIGN_IDENTITY[sdk=iphoneos*]" = "iPhone Developer";
				COPY_PHASE_STRIP = NO;
				ENABLE_STRICT_OBJC_MSGSEND = YES;
				GCC_C_LANGUAGE_STANDARD = gnu99;
				GCC_DYNAMIC_NO_PIC = NO;
				GCC_OPTIMIZATION_LEVEL = 0;
				GCC_PREPROCESSOR_DEFINITIONS = (
					"DEBUG=1",
					"$(inherited)",
				);
				GCC_SYMBOLS_PRIVATE_EXTERN = NO;
				GCC_WARN_64_TO_32_BIT_CONVERSION = YES;
				GCC_WARN_ABOUT_RETURN_TYPE = YES_ERROR;
				GCC_WARN_UNDECLARED_SELECTOR = YES;
				GCC_WARN_UNINITIALIZED_AUTOS = YES_AGGRESSIVE;
				GCC_WARN_UNUSED_FUNCTION = YES;
				GCC_WARN_UNUSED_VARIABLE = YES;
				IPHONEOS_DEPLOYMENT_TARGET = 8.1;
				MTL_ENABLE_DEBUG_INFO = YES;
				ONLY_ACTIVE_ARCH = YES;
				SDKROOT = iphoneos;
				SWIFT_OPTIMIZATION_LEVEL = "-Onone";
				TARGETED_DEVICE_FAMILY = "1,2";
			};
			name = Debug;
		};
		F44736891A9F3BC30067CE68 /* Release */ = {
			isa = XCBuildConfiguration;
			buildSettings = {
				ALWAYS_SEARCH_USER_PATHS = NO;
				CLANG_CXX_LANGUAGE_STANDARD = "gnu++0x";
				CLANG_CXX_LIBRARY = "libc++";
				CLANG_ENABLE_MODULES = YES;
				CLANG_ENABLE_OBJC_ARC = YES;
				CLANG_WARN_BOOL_CONVERSION = YES;
				CLANG_WARN_CONSTANT_CONVERSION = YES;
				CLANG_WARN_DIRECT_OBJC_ISA_USAGE = YES_ERROR;
				CLANG_WARN_EMPTY_BODY = YES;
				CLANG_WARN_ENUM_CONVERSION = YES;
				CLANG_WARN_INT_CONVERSION = YES;
				CLANG_WARN_OBJC_ROOT_CLASS = YES_ERROR;
				CLANG_WARN_UNREACHABLE_CODE = YES;
				CLANG_WARN__DUPLICATE_METHOD_MATCH = YES;
				"CODE_SIGN_IDENTITY[sdk=iphoneos*]" = "iPhone Developer";
				COPY_PHASE_STRIP = YES;
				ENABLE_NS_ASSERTIONS = NO;
				ENABLE_STRICT_OBJC_MSGSEND = YES;
				GCC_C_LANGUAGE_STANDARD = gnu99;
				GCC_WARN_64_TO_32_BIT_CONVERSION = YES;
				GCC_WARN_ABOUT_RETURN_TYPE = YES_ERROR;
				GCC_WARN_UNDECLARED_SELECTOR = YES;
				GCC_WARN_UNINITIALIZED_AUTOS = YES_AGGRESSIVE;
				GCC_WARN_UNUSED_FUNCTION = YES;
				GCC_WARN_UNUSED_VARIABLE = YES;
				IPHONEOS_DEPLOYMENT_TARGET = 8.1;
				MTL_ENABLE_DEBUG_INFO = NO;
				SDKROOT = iphoneos;
				TARGETED_DEVICE_FAMILY = "1,2";
				VALIDATE_PRODUCT = YES;
			};
			name = Release;
		};
		F447368B1A9F3BC30067CE68 /* Debug */ = {
			isa = XCBuildConfiguration;
			buildSettings = {
				ASSETCATALOG_COMPILER_APPICON_NAME = AppIcon;
				INFOPLIST_FILE = assignment_2_IOS/Info.plist;
				LD_RUNPATH_SEARCH_PATHS = "$(inherited) @executable_path/Frameworks";
				PRODUCT_NAME = "$(TARGET_NAME)";
			};
			name = Debug;
		};
		F447368C1A9F3BC30067CE68 /* Release */ = {
			isa = XCBuildConfiguration;
			buildSettings = {
				ASSETCATALOG_COMPILER_APPICON_NAME = AppIcon;
				INFOPLIST_FILE = assignment_2_IOS/Info.plist;
				LD_RUNPATH_SEARCH_PATHS = "$(inherited) @executable_path/Frameworks";
				PRODUCT_NAME = "$(TARGET_NAME)";
			};
			name = Release;
		};
		F447368E1A9F3BC30067CE68 /* Debug */ = {
			isa = XCBuildConfiguration;
			buildSettings = {
				BUNDLE_LOADER = "$(TEST_HOST)";
				FRAMEWORK_SEARCH_PATHS = (
					"$(SDKROOT)/Developer/Library/Frameworks",
					"$(inherited)",
				);
				GCC_PREPROCESSOR_DEFINITIONS = (
					"DEBUG=1",
					"$(inherited)",
				);
				INFOPLIST_FILE = assignment_2_IOSTests/Info.plist;
				LD_RUNPATH_SEARCH_PATHS = "$(inherited) @executable_path/Frameworks @loader_path/Frameworks";
				PRODUCT_NAME = "$(TARGET_NAME)";
				TEST_HOST = "$(BUILT_PRODUCTS_DIR)/assignment_2_IOS.app/assignment_2_IOS";
			};
			name = Debug;
		};
		F447368F1A9F3BC30067CE68 /* Release */ = {
			isa = XCBuildConfiguration;
			buildSettings = {
				BUNDLE_LOADER = "$(TEST_HOST)";
				FRAMEWORK_SEARCH_PATHS = (
					"$(SDKROOT)/Developer/Library/Frameworks",
					"$(inherited)",
				);
				INFOPLIST_FILE = assignment_2_IOSTests/Info.plist;
				LD_RUNPATH_SEARCH_PATHS = "$(inherited) @executable_path/Frameworks @loader_path/Frameworks";
				PRODUCT_NAME = "$(TARGET_NAME)";
				TEST_HOST = "$(BUILT_PRODUCTS_DIR)/assignment_2_IOS.app/assignment_2_IOS";
			};
			name = Release;
		};
/* End XCBuildConfiguration section */

/* Begin XCConfigurationList section */
		F44736661A9F3BC20067CE68 /* Build configuration list for PBXProject "assignment_2_IOS" */ = {
			isa = XCConfigurationList;
			buildConfigurations = (
				F44736881A9F3BC30067CE68 /* Debug */,
				F44736891A9F3BC30067CE68 /* Release */,
			);
			defaultConfigurationIsVisible = 0;
			defaultConfigurationName = Release;
		};
		F447368A1A9F3BC30067CE68 /* Build configuration list for PBXNativeTarget "assignment_2_IOS" */ = {
			isa = XCConfigurationList;
			buildConfigurations = (
				F447368B1A9F3BC30067CE68 /* Debug */,
				F447368C1A9F3BC30067CE68 /* Release */,
			);
			defaultConfigurationIsVisible = 0;
			defaultConfigurationName = Release;
		};
		F447368D1A9F3BC30067CE68 /* Build configuration list for PBXNativeTarget "assignment_2_IOSTests" */ = {
			isa = XCConfigurationList;
			buildConfigurations = (
				F447368E1A9F3BC30067CE68 /* Debug */,
				F447368F1A9F3BC30067CE68 /* Release */,
			);
			defaultConfigurationIsVisible = 0;
			defaultConfigurationName = Release;
		};
/* End XCConfigurationList section */
	};
	rootObject = F44736631A9F3BC20067CE68 /* Project object */;
}
